{
  "name": "form",
  "lockfileVersion": 3,
  "requires": true,
  "packages": {
    "": {
      "dependencies": {
        "@majidh1/jalalidatepicker": "^0.9.4"
      }
    },
    "node_modules/@majidh1/jalalidatepicker": {
      "version": "0.9.4",
      "resolved": "https://registry.npmjs.org/@majidh1/jalalidatepicker/-/jalalidatepicker-0.9.4.tgz",
      "integrity": "sha512-HPcQP6FrbUMuav9Mjqti63rBxdaF7pe3vvxi5JvO7fiWftszm4cnvsciI9H6C1SS1FrATQhm35XOTQS5o0dcbQ==",
      "license": "MIT"
    }
  }
}
